
Microsoft Visual Studio Solution File, Format Version 12.00
# Visual Studio Version 17
VisualStudioVersion = 17.6.33712.159
MinimumVisualStudioVersion = 10.0.40219.1
Project("{FAE04EC0-301F-11D3-BF4B-00C04F79EFBC}") = "BulkyBookWeb", "BulkyBookWeb\BulkyBookWeb.csproj", "{D88C79A0-A2F3-4E34-B0CF-B2DB5CD8C00F}"
EndProject
Global
	GlobalSection(SolutionConfigurationPlatforms) = preSolution
		Debug|Any CPU = Debug|Any CPU
		Release|Any CPU = Release|Any CPU
	EndGlobalSection
	GlobalSection(ProjectConfigurationPlatforms) = postSolution
		{D88C79A0-A2F3-4E34-B0CF-B2DB5CD8C00F}.Debug|Any CPU.ActiveCfg = Debug|Any CPU
		{D88C79A0-A2F3-4E34-B0CF-B2DB5CD8C00F}.Debug|Any CPU.Build.0 = Debug|Any CPU
		{D88C79A0-A2F3-4E34-B0CF-B2DB5CD8C00F}.Release|Any CPU.ActiveCfg = Release|Any CPU
		{D88C79A0-A2F3-4E34-B0CF-B2DB5CD8C00F}.Release|Any CPU.Build.0 = Release|Any CPU
	EndGlobalSection
	GlobalSection(SolutionProperties) = preSolution
		HideSolutionNode = FALSE
	EndGlobalSection
	GlobalSection(ExtensibilityGlobals) = postSolution
		SolutionGuid = {8D0B27B0-2F99-4480-9577-3CE59B4D78E2}
	EndGlobalSection
EndGlobal
